
Microsoft Visual Studio Solution File, Format Version 12.00
# Visual Studio Version 17
VisualStudioVersion = 17.6.33815.320
MinimumVisualStudioVersion = 10.0.40219.1
Project("{FAE04EC0-301F-11D3-BF4B-00C04F79EFBC}") = "sheetNumbering_wpf", "sheetNumbering_wpf\sheetNumbering_wpf.csproj", "{9FFF9B61-00C5-4CFF-8D87-014AFA1E7CBF}"
EndProject
Global
	GlobalSection(SolutionConfigurationPlatforms) = preSolution
		Debug|Any CPU = Debug|Any CPU
		Release|Any CPU = Release|Any CPU
	EndGlobalSection
	GlobalSection(ProjectConfigurationPlatforms) = postSolution
		{9FFF9B61-00C5-4CFF-8D87-014AFA1E7CBF}.Debug|Any CPU.ActiveCfg = Debug|Any CPU
		{9FFF9B61-00C5-4CFF-8D87-014AFA1E7CBF}.Debug|Any CPU.Build.0 = Debug|Any CPU
		{9FFF9B61-00C5-4CFF-8D87-014AFA1E7CBF}.Release|Any CPU.ActiveCfg = Release|Any CPU
		{9FFF9B61-00C5-4CFF-8D87-014AFA1E7CBF}.Release|Any CPU.Build.0 = Release|Any CPU
	EndGlobalSection
	GlobalSection(SolutionProperties) = preSolution
		HideSolutionNode = FALSE
	EndGlobalSection
	GlobalSection(ExtensibilityGlobals) = postSolution
		SolutionGuid = {26657C50-3009-4031-952C-569DFA8B0134}
	EndGlobalSection
EndGlobal
